
Microsoft Visual Studio Solution File, Format Version 12.00
# Visual Studio Version 16
VisualStudioVersion = 16.0.31424.327
MinimumVisualStudioVersion = 10.0.40219.1
Project("{FAE04EC0-301F-11D3-BF4B-00C04F79EFBC}") = "Accounts.Model", "Accounts.Model\Accounts.Model.csproj", "{0764A903-E204-40DB-A4F5-156031C60464}"
EndProject
Project("{FAE04EC0-301F-11D3-BF4B-00C04F79EFBC}") = "AccountsRepository", "AccountsRepository\AccountsRepository.csproj", "{BD06ABA0-B00C-47AB-A874-4F09122EABC0}"
EndProject
Project("{FAE04EC0-301F-11D3-BF4B-00C04F79EFBC}") = "Accounts.Service", "Accounts.Service\Accounts.Service.csproj", "{0FF5CAE1-16CA-4C03-8EFC-4CE284674AEF}"
EndProject
Project("{FAE04EC0-301F-11D3-BF4B-00C04F79EFBC}") = "BankApiApp", "BankApiApp\BankApiApp.csproj", "{40BF11F5-131F-4DAC-9022-3FC364C9B22D}"
EndProject
Project("{FAE04EC0-301F-11D3-BF4B-00C04F79EFBC}") = "BankApiTest", "BankApiTest\BankApiTest.csproj", "{8200A72D-D397-4178-A47D-921C7AAE5F79}"
EndProject
Global
	GlobalSection(SolutionConfigurationPlatforms) = preSolution
		Debug|Any CPU = Debug|Any CPU
		Release|Any CPU = Release|Any CPU
	EndGlobalSection
	GlobalSection(ProjectConfigurationPlatforms) = postSolution
		{0764A903-E204-40DB-A4F5-156031C60464}.Debug|Any CPU.ActiveCfg = Debug|Any CPU
		{0764A903-E204-40DB-A4F5-156031C60464}.Debug|Any CPU.Build.0 = Debug|Any CPU
		{0764A903-E204-40DB-A4F5-156031C60464}.Release|Any CPU.ActiveCfg = Release|Any CPU
		{0764A903-E204-40DB-A4F5-156031C60464}.Release|Any CPU.Build.0 = Release|Any CPU
		{BD06ABA0-B00C-47AB-A874-4F09122EABC0}.Debug|Any CPU.ActiveCfg = Debug|Any CPU
		{BD06ABA0-B00C-47AB-A874-4F09122EABC0}.Debug|Any CPU.Build.0 = Debug|Any CPU
		{BD06ABA0-B00C-47AB-A874-4F09122EABC0}.Release|Any CPU.ActiveCfg = Release|Any CPU
		{BD06ABA0-B00C-47AB-A874-4F09122EABC0}.Release|Any CPU.Build.0 = Release|Any CPU
		{0FF5CAE1-16CA-4C03-8EFC-4CE284674AEF}.Debug|Any CPU.ActiveCfg = Debug|Any CPU
		{0FF5CAE1-16CA-4C03-8EFC-4CE284674AEF}.Debug|Any CPU.Build.0 = Debug|Any CPU
		{0FF5CAE1-16CA-4C03-8EFC-4CE284674AEF}.Release|Any CPU.ActiveCfg = Release|Any CPU
		{0FF5CAE1-16CA-4C03-8EFC-4CE284674AEF}.Release|Any CPU.Build.0 = Release|Any CPU
		{40BF11F5-131F-4DAC-9022-3FC364C9B22D}.Debug|Any CPU.ActiveCfg = Debug|Any CPU
		{40BF11F5-131F-4DAC-9022-3FC364C9B22D}.Debug|Any CPU.Build.0 = Debug|Any CPU
		{40BF11F5-131F-4DAC-9022-3FC364C9B22D}.Release|Any CPU.ActiveCfg = Release|Any CPU
		{40BF11F5-131F-4DAC-9022-3FC364C9B22D}.Release|Any CPU.Build.0 = Release|Any CPU
		{8200A72D-D397-4178-A47D-921C7AAE5F79}.Debug|Any CPU.ActiveCfg = Debug|Any CPU
		{8200A72D-D397-4178-A47D-921C7AAE5F79}.Debug|Any CPU.Build.0 = Debug|Any CPU
		{8200A72D-D397-4178-A47D-921C7AAE5F79}.Release|Any CPU.ActiveCfg = Release|Any CPU
		{8200A72D-D397-4178-A47D-921C7AAE5F79}.Release|Any CPU.Build.0 = Release|Any CPU
	EndGlobalSection
	GlobalSection(SolutionProperties) = preSolution
		HideSolutionNode = FALSE
	EndGlobalSection
	GlobalSection(ExtensibilityGlobals) = postSolution
		SolutionGuid = {A0C12B9F-E851-4B2D-BD64-83E999CBD6A8}
	EndGlobalSection
EndGlobal
